
Microsoft Visual Studio Solution File, Format Version 12.00
# Visual Studio Version 16
VisualStudioVersion = 16.0.31702.278
MinimumVisualStudioVersion = 10.0.40219.1
Project("{FAE04EC0-301F-11D3-BF4B-00C04F79EFBC}") = "ApiCatalogoJogosST", "ApiCatalogoJogosST\ApiCatalogoJogosST.csproj", "{BDBAA6CE-A6E1-4B96-8DA5-D9D97E72FD26}"
EndProject
Project("{2150E333-8FDC-42A3-9474-1A3956D46DE8}") = "Solution Items", "Solution Items", "{1B119AE1-6F49-4183-9A65-427BDD757928}"
	ProjectSection(SolutionItems) = preProject
		.editorconfig = .editorconfig
	EndProjectSection
EndProject
Global
	GlobalSection(SolutionConfigurationPlatforms) = preSolution
		Debug|Any CPU = Debug|Any CPU
		Release|Any CPU = Release|Any CPU
	EndGlobalSection
	GlobalSection(ProjectConfigurationPlatforms) = postSolution
		{BDBAA6CE-A6E1-4B96-8DA5-D9D97E72FD26}.Debug|Any CPU.ActiveCfg = Debug|Any CPU
		{BDBAA6CE-A6E1-4B96-8DA5-D9D97E72FD26}.Debug|Any CPU.Build.0 = Debug|Any CPU
		{BDBAA6CE-A6E1-4B96-8DA5-D9D97E72FD26}.Release|Any CPU.ActiveCfg = Release|Any CPU
		{BDBAA6CE-A6E1-4B96-8DA5-D9D97E72FD26}.Release|Any CPU.Build.0 = Release|Any CPU
	EndGlobalSection
	GlobalSection(SolutionProperties) = preSolution
		HideSolutionNode = FALSE
	EndGlobalSection
	GlobalSection(ExtensibilityGlobals) = postSolution
		SolutionGuid = {5DEC1D5E-4308-4061-94E2-F84D656B11EB}
	EndGlobalSection
EndGlobal
